hash: 9e59cb7d36be86be1a7e0b611c4680f03fa0fe497c3096f962f007919f7964da
updated: 2016-10-18T16:49:49.380103141+09:00
imports:
- name: github.com/codegangsta/cli
  version: 55f715e28c46073d0e217e2ce8eb46b0b45e3db6
- name: github.com/nlopes/slack
  version: a1a63712460a18dbe828ae915f954a0f214f3d8e
- name: golang.org/x/net
  version: 8b4af36cd21a1f85a7484b49feb7c79363106d8e
  subpackages:
  - websocket
testImports: []
