# This file is autogenerated, do not edit; changes may be undone by the next 'dep ensure'.


[[projects]]
  branch = "master"
  name = "github.com/codegangsta/cli"
  packages = ["."]
  revision = "4b90d79a682b4bf685762c7452db20f2a676ecb2"

[[projects]]
  branch = "master"
  name = "github.com/nlopes/slack"
  packages = ["."]
  revision = "ca8436d76f805ec1e682eaae2de3c3a9bc894b0f"

[[projects]]
  branch = "master"
  name = "golang.org/x/net"
  packages = ["websocket"]
  revision = "b3756b4b77d7b13260a0a2ec658753cf48922eac"

[solve-meta]
  analyzer-name = "dep"
  analyzer-version = 1
  inputs-digest = "81fb30b2cc327d598e9b707c26dc440781a3783249e75115dec8d7b2c5b076d4"
  solver-name = "gps-cdcl"
  solver-version = 1
